
Microsoft Visual Studio Solution File, Format Version 12.00
# Visual Studio Version 16
VisualStudioVersion = 16.0.30907.101
MinimumVisualStudioVersion = 15.0.26124.0
Project("{FAE04EC0-301F-11D3-BF4B-00C04F79EFBC}") = "CM.BL", "CM\CM.BL.csproj", "{0050CA88-947B-468A-B52E-2A7C5A83A143}"
EndProject
Project("{2150E333-8FDC-42A3-9474-1A3956D46DE8}") = "Tests", "Tests", "{FCA2A5C1-786A-4884-A762-CE7B25668496}"
EndProject
Project("{FAE04EC0-301F-11D3-BF4B-00C04F79EFBC}") = "CM.BLTest", "Tests\CM.BLTest\CM.BLTest.csproj", "{DD65AACE-CA27-4271-BDC9-4C16D8A28F67}"
EndProject
Global
	GlobalSection(SolutionConfigurationPlatforms) = preSolution
		Debug|Any CPU = Debug|Any CPU
		Debug|x64 = Debug|x64
		Debug|x86 = Debug|x86
		Release|Any CPU = Release|Any CPU
		Release|x64 = Release|x64
		Release|x86 = Release|x86
	EndGlobalSection
	GlobalSection(ProjectConfigurationPlatforms) = postSolution
		{0050CA88-947B-468A-B52E-2A7C5A83A143}.Debug|Any CPU.ActiveCfg = Debug|Any CPU
		{0050CA88-947B-468A-B52E-2A7C5A83A143}.Debug|Any CPU.Build.0 = Debug|Any CPU
		{0050CA88-947B-468A-B52E-2A7C5A83A143}.Debug|x64.ActiveCfg = Debug|Any CPU
		{0050CA88-947B-468A-B52E-2A7C5A83A143}.Debug|x64.Build.0 = Debug|Any CPU
		{0050CA88-947B-468A-B52E-2A7C5A83A143}.Debug|x86.ActiveCfg = Debug|Any CPU
		{0050CA88-947B-468A-B52E-2A7C5A83A143}.Debug|x86.Build.0 = Debug|Any CPU
		{0050CA88-947B-468A-B52E-2A7C5A83A143}.Release|Any CPU.ActiveCfg = Release|Any CPU
		{0050CA88-947B-468A-B52E-2A7C5A83A143}.Release|Any CPU.Build.0 = Release|Any CPU
		{0050CA88-947B-468A-B52E-2A7C5A83A143}.Release|x64.ActiveCfg = Release|Any CPU
		{0050CA88-947B-468A-B52E-2A7C5A83A143}.Release|x64.Build.0 = Release|Any CPU
		{0050CA88-947B-468A-B52E-2A7C5A83A143}.Release|x86.ActiveCfg = Release|Any CPU
		{0050CA88-947B-468A-B52E-2A7C5A83A143}.Release|x86.Build.0 = Release|Any CPU
		{DD65AACE-CA27-4271-BDC9-4C16D8A28F67}.Debug|Any CPU.ActiveCfg = Debug|Any CPU
		{DD65AACE-CA27-4271-BDC9-4C16D8A28F67}.Debug|Any CPU.Build.0 = Debug|Any CPU
		{DD65AACE-CA27-4271-BDC9-4C16D8A28F67}.Debug|x64.ActiveCfg = Debug|Any CPU
		{DD65AACE-CA27-4271-BDC9-4C16D8A28F67}.Debug|x64.Build.0 = Debug|Any CPU
		{DD65AACE-CA27-4271-BDC9-4C16D8A28F67}.Debug|x86.ActiveCfg = Debug|Any CPU
		{DD65AACE-CA27-4271-BDC9-4C16D8A28F67}.Debug|x86.Build.0 = Debug|Any CPU
		{DD65AACE-CA27-4271-BDC9-4C16D8A28F67}.Release|Any CPU.ActiveCfg = Release|Any CPU
		{DD65AACE-CA27-4271-BDC9-4C16D8A28F67}.Release|Any CPU.Build.0 = Release|Any CPU
		{DD65AACE-CA27-4271-BDC9-4C16D8A28F67}.Release|x64.ActiveCfg = Release|Any CPU
		{DD65AACE-CA27-4271-BDC9-4C16D8A28F67}.Release|x64.Build.0 = Release|Any CPU
		{DD65AACE-CA27-4271-BDC9-4C16D8A28F67}.Release|x86.ActiveCfg = Release|Any CPU
		{DD65AACE-CA27-4271-BDC9-4C16D8A28F67}.Release|x86.Build.0 = Release|Any CPU
	EndGlobalSection
	GlobalSection(SolutionProperties) = preSolution
		HideSolutionNode = FALSE
	EndGlobalSection
	GlobalSection(NestedProjects) = preSolution
		{DD65AACE-CA27-4271-BDC9-4C16D8A28F67} = {FCA2A5C1-786A-4884-A762-CE7B25668496}
	EndGlobalSection
	GlobalSection(ExtensibilityGlobals) = postSolution
		SolutionGuid = {5760A345-43ED-41F1-97F9-FC9DA1627311}
	EndGlobalSection
EndGlobal
